
Microsoft Visual Studio Solution File, Format Version 12.00
# Visual Studio Version 17
VisualStudioVersion = 17.10.34916.146
MinimumVisualStudioVersion = 10.0.40219.1
Project("{FAE04EC0-301F-11D3-BF4B-00C04F79EFBC}") = "SmartcouponAPI", "SmartcouponAPI.csproj", "{02EBCBDA-56D8-4C2E-8A06-F71C3E37DDA3}"
EndProject
Global
	GlobalSection(SolutionConfigurationPlatforms) = preSolution
		Debug|Any CPU = Debug|Any CPU
		Release|Any CPU = Release|Any CPU
	EndGlobalSection
	GlobalSection(ProjectConfigurationPlatforms) = postSolution
		{02EBCBDA-56D8-4C2E-8A06-F71C3E37DDA3}.Debug|Any CPU.ActiveCfg = Debug|Any CPU
		{02EBCBDA-56D8-4C2E-8A06-F71C3E37DDA3}.Debug|Any CPU.Build.0 = Debug|Any CPU
		{02EBCBDA-56D8-4C2E-8A06-F71C3E37DDA3}.Release|Any CPU.ActiveCfg = Release|Any CPU
		{02EBCBDA-56D8-4C2E-8A06-F71C3E37DDA3}.Release|Any CPU.Build.0 = Release|Any CPU
	EndGlobalSection
	GlobalSection(SolutionProperties) = preSolution
		HideSolutionNode = FALSE
	EndGlobalSection
	GlobalSection(ExtensibilityGlobals) = postSolution
		SolutionGuid = {91CD4243-6E31-48FE-A13B-F78F46C2EF48}
	EndGlobalSection
EndGlobal
